
Microsoft Visual Studio Solution File, Format Version 12.00
# Visual Studio 15
VisualStudioVersion = 15.0.28307.1433
MinimumVisualStudioVersion = 10.0.40219.1
Project("{FAE04EC0-301F-11D3-BF4B-00C04F79EFBC}") = "TestConsoleApp1", "TestConsoleApp1\TestConsoleApp1.csproj", "{7F11C3A9-E4B3-4703-8D54-C25CDC69493D}"
EndProject
Global
	GlobalSection(SolutionConfigurationPlatforms) = preSolution
		Debug|Any CPU = Debug|Any CPU
		Release|Any CPU = Release|Any CPU
	EndGlobalSection
	GlobalSection(ProjectConfigurationPlatforms) = postSolution
		{7F11C3A9-E4B3-4703-8D54-C25CDC69493D}.Debug|Any CPU.ActiveCfg = Debug|Any CPU
		{7F11C3A9-E4B3-4703-8D54-C25CDC69493D}.Debug|Any CPU.Build.0 = Debug|Any CPU
		{7F11C3A9-E4B3-4703-8D54-C25CDC69493D}.Release|Any CPU.ActiveCfg = Release|Any CPU
		{7F11C3A9-E4B3-4703-8D54-C25CDC69493D}.Release|Any CPU.Build.0 = Release|Any CPU
	EndGlobalSection
	GlobalSection(SolutionProperties) = preSolution
		HideSolutionNode = FALSE
	EndGlobalSection
	GlobalSection(ExtensibilityGlobals) = postSolution
		SolutionGuid = {C5120D86-7A87-4DB2-A3F0-514EB1596EF8}
	EndGlobalSection
EndGlobal
